Microsoft Visual Studio Solution File, Format Version 11.00
# Visual Studio 2008

Project("{8DAF4ED8-063D-1A42-05DF-DC1AA4550087}") = "gamejam", "Assembly-CSharp-firstpass.csproj", "{DF1E6A21-BE07-1727-BBB1-F17B8FFB1529}"
EndProject
Project("{8DAF4ED8-063D-1A42-05DF-DC1AA4550087}") = "gamejam", "Assembly-UnityScript-firstpass.unityproj", "{BEEDEFB0-CCC1-935B-B1EF-DFC9276D0400}"
EndProject
Project("{8DAF4ED8-063D-1A42-05DF-DC1AA4550087}") = "gamejam", "Assembly-UnityScript.unityproj", "{8BA481AA-4063-04EC-A79F-F92D1E065473}"
EndProject
Global
	GlobalSection(SolutionConfigurationPlatforms) = preSolution
		Debug|Any CPU = Debug|Any CPU
		Release|Any CPU = Release|Any CPU
	EndGlobalSection
	GlobalSection(ProjectConfigurationPlatforms) = postSolution
		{DF1E6A21-BE07-1727-BBB1-F17B8FFB1529}.Debug|Any CPU.ActiveCfg = Debug|Any CPU
		{DF1E6A21-BE07-1727-BBB1-F17B8FFB1529}.Debug|Any CPU.Build.0 = Debug|Any CPU
		{DF1E6A21-BE07-1727-BBB1-F17B8FFB1529}.Release|Any CPU.ActiveCfg = Release|Any CPU
		{DF1E6A21-BE07-1727-BBB1-F17B8FFB1529}.Release|Any CPU.Build.0 = Release|Any CPU
		{BEEDEFB0-CCC1-935B-B1EF-DFC9276D0400}.Debug|Any CPU.ActiveCfg = Debug|Any CPU
		{BEEDEFB0-CCC1-935B-B1EF-DFC9276D0400}.Debug|Any CPU.Build.0 = Debug|Any CPU
		{BEEDEFB0-CCC1-935B-B1EF-DFC9276D0400}.Release|Any CPU.ActiveCfg = Release|Any CPU
		{BEEDEFB0-CCC1-935B-B1EF-DFC9276D0400}.Release|Any CPU.Build.0 = Release|Any CPU
		{8BA481AA-4063-04EC-A79F-F92D1E065473}.Debug|Any CPU.ActiveCfg = Debug|Any CPU
		{8BA481AA-4063-04EC-A79F-F92D1E065473}.Debug|Any CPU.Build.0 = Debug|Any CPU
		{8BA481AA-4063-04EC-A79F-F92D1E065473}.Release|Any CPU.ActiveCfg = Release|Any CPU
		{8BA481AA-4063-04EC-A79F-F92D1E065473}.Release|Any CPU.Build.0 = Release|Any CPU
	EndGlobalSection
	GlobalSection(SolutionProperties) = preSolution
		HideSolutionNode = FALSE
	EndGlobalSection
<<<<<<< HEAD
																																							GlobalSection(MonoDevelopProperties) = preSolution
=======
																																											GlobalSection(MonoDevelopProperties) = preSolution
>>>>>>> 76869fdc78e7cf73eb87c7f8df9ad559dffe4adb
		StartupItem = Assembly-CSharp.csproj
		Policies = $0
		$0.TextStylePolicy = $1
		$1.inheritsSet = null
		$1.scope = text/x-csharp
		$0.CSharpFormattingPolicy = $2
		$2.inheritsSet = Mono
		$2.inheritsScope = text/x-csharp
		$2.scope = text/x-csharp
		$0.TextStylePolicy = $3
		$3.FileWidth = 120
		$3.TabWidth = 4
		$3.EolMarker = Unix
		$3.inheritsSet = Mono
		$3.inheritsScope = text/plain
		$3.scope = text/plain
	EndGlobalSection

EndGlobal
